{
  "lockfileVersion": 1,
  "configVersion": 1,
  "workspaces": {
    "": {
      "name": "cosense-duplicator",
      "dependencies": {
        "@cosense/std": "npm:@jsr/cosense__std",
        "@effect/platform": "^0.94.2",
        "@effect/platform-bun": "^0.87.1",
        "effect": "^3.18.4",
      },
      "devDependencies": {
        "@types/bun": "latest",
      },
      "peerDependencies": {
        "typescript": "^5",
      },
    },
  },
  "packages": {
    "@cosense/std": ["@jsr/cosense__std@0.31.0", "https://npm.jsr.io/~/11/@jsr/cosense__std/0.31.0.tgz", { "dependencies": { "@jsr/core__iterutil": "^0.9.0", "@jsr/core__unknownutil": "^4.3.0", "@jsr/cosense__types": "^0.11.3", "@jsr/progfay__scrapbox-parser": "^10.0.2", "@jsr/std__async": "^1.0.14", "@jsr/std__encoding": "^1.0.10", "@jsr/std__http": "^1.0.20", "@jsr/std__json": "^1.0.2", "@jsr/std__testing": "^1.0.15", "@jsr/takker__md5": "0.1", "option-t": "53", "socket.io-client": "^4.8.1" } }, "sha512-uRqN2JP7y01sEuMFsj/5dGtF+bH7umsDW2FlbhvtcM6r+4yQX/F9fMcWrHQZfAgnOSH2N7myRkNYLmEQ8k44LQ=="],

    "@effect/cluster": ["@effect/cluster@0.56.1", "", { "dependencies": { "kubernetes-types": "^1.30.0" }, "peerDependencies": { "@effect/platform": "^0.94.1", "@effect/rpc": "^0.73.0", "@effect/sql": "^0.49.0", "@effect/workflow": "^0.16.0", "effect": "^3.19.14" } }, "sha512-gnrsH6kfrUjn+82j/bw1IR4yFqJqV8tc7xZvrbJPRgzANycc6K1hu3LMg548uYbUkTzD8YYyqrSatMO1mkQpzw=="],

    "@effect/experimental": ["@effect/experimental@0.58.0", "", { "dependencies": { "uuid": "^11.0.3" }, "peerDependencies": { "@effect/platform": "^0.94.0", "effect": "^3.19.13", "ioredis": "^5", "lmdb": "^3" }, "optionalPeers": ["ioredis", "lmdb"] }, "sha512-IEP9sapjF6rFy5TkoqDPc86st/fnqUfjT7Xa3pWJrFGr1hzaMXHo+mWsYOZS9LAOVKnpHuVziDK97EP5qsCHVA=="],

    "@effect/platform": ["@effect/platform@0.94.2", "", { "dependencies": { "find-my-way-ts": "^0.1.6", "msgpackr": "^1.11.4", "multipasta": "^0.2.7" }, "peerDependencies": { "effect": "^3.19.15" } }, "sha512-85vdwpnK4oH/rJ3EuX/Gi2Hkt+K4HvXWr9bxCuqvty9hxyEcRxkJcqTesYrcVoQB6aULb1Za2B0MKoTbvffB3Q=="],

    "@effect/platform-bun": ["@effect/platform-bun@0.87.1", "", { "dependencies": { "@effect/platform-node-shared": "^0.57.1", "multipasta": "^0.2.7" }, "peerDependencies": { "@effect/cluster": "^0.56.1", "@effect/platform": "^0.94.2", "@effect/rpc": "^0.73.0", "@effect/sql": "^0.49.0", "effect": "^3.19.15" } }, "sha512-I88d0YqWbvLY2GGeIxK3r5k0l/MoUCCnxiHJG+X6gqaHu+pIs0djDtJ+ORhw/3qha9ojcVu6pyaBmnUjgzQHWQ=="],

    "@effect/platform-node-shared": ["@effect/platform-node-shared@0.57.1", "", { "dependencies": { "@parcel/watcher": "^2.5.1", "multipasta": "^0.2.7", "ws": "^8.18.2" }, "peerDependencies": { "@effect/cluster": "^0.56.1", "@effect/platform": "^0.94.2", "@effect/rpc": "^0.73.0", "@effect/sql": "^0.49.0", "effect": "^3.19.15" } }, "sha512-oX/bApMdoKsyrDiNdJxo7U9Rz1RXsjRv+ecfAPp1qGlSdGIo32wVRvJ2XCHqYj0sqaYJS0pU0/GCulRfVGuJag=="],

    "@effect/rpc": ["@effect/rpc@0.73.0", "", { "dependencies": { "msgpackr": "^1.11.4" }, "peerDependencies": { "@effect/platform": "^0.94.0", "effect": "^3.19.13" } }, "sha512-iMPf6tTriz8sK0l5x4koFId8Hz5nFptHYg8WqyjHGIIVLTpZxuiSqhmXZG7FnAs5N2n6uCEws4wWGcIgXNUrFg=="],

    "@effect/sql": ["@effect/sql@0.49.0", "", { "dependencies": { "uuid": "^11.0.3" }, "peerDependencies": { "@effect/experimental": "^0.58.0", "@effect/platform": "^0.94.0", "effect": "^3.19.13" } }, "sha512-9UEKR+z+MrI/qMAmSvb/RiD9KlgIazjZUCDSpwNgm0lEK9/Q6ExEyfziiYFVCPiptp52cBw8uBHRic8hHnwqXA=="],

    "@effect/workflow": ["@effect/workflow@0.16.0", "", { "peerDependencies": { "@effect/experimental": "^0.58.0", "@effect/platform": "^0.94.0", "@effect/rpc": "^0.73.0", "effect": "^3.19.13" } }, "sha512-MiAdlxx3TixkgHdbw+Yf1Z3tHAAE0rOQga12kIydJqj05Fnod+W/I+kQGRMY/XWRg+QUsVxhmh1qTr7Ype6lrw=="],

    "@jsr/core__iterutil": ["@jsr/core__iterutil@0.9.0", "https://npm.jsr.io/~/11/@jsr/core__iterutil/0.9.0.tgz", {}, "sha512-4m89zR5WOKLz3YGyB+OaSgXuv0ddC9U0RpRTC21i/BXjr1RcRdePenUNpML+XrE3IAy/w2uOX3bg1JIVMjIZRw=="],

    "@jsr/core__unknownutil": ["@jsr/core__unknownutil@4.3.0", "https://npm.jsr.io/~/11/@jsr/core__unknownutil/4.3.0.tgz", {}, "sha512-Rs+fY0+WX4pYG6B93M3/C9MVpE77Jlr69iYTC2PU+hTLOyu5CcwN17Og7titcWRoTdEJhFHYb4T5q+1bnEGZfQ=="],

    "@jsr/cosense__types": ["@jsr/cosense__types@0.11.7", "https://npm.jsr.io/~/11/@jsr/cosense__types/0.11.7.tgz", {}, "sha512-SPYTcw768YycC2hCG+sAeG3c8Fsotu0E7fN+2Q+thkzq4wJ9HldcBRV4ln1IE4m32ugAtdhxat7QXgHXPvK9ag=="],

    "@jsr/progfay__scrapbox-parser": ["@jsr/progfay__scrapbox-parser@10.1.1", "https://npm.jsr.io/~/11/@jsr/progfay__scrapbox-parser/10.1.1.tgz", {}, "sha512-xBtB64xW0aNSX1vM5FykbqeR2rzmY2ZHAOIMc+lj+ev4x9xrOkxnAGfViO4+qQcyiLkyeCbrsfSX4qdSNuT99g=="],

    "@jsr/std__assert": ["@jsr/std__assert@1.0.18", "https://npm.jsr.io/~/11/@jsr/std__assert/1.0.18.tgz", { "dependencies": { "@jsr/std__internal": "^1.0.12" } }, "sha512-oxE6Go+SQJcAc8UVtocaAkKOO39QyyYrb2cwLy7PojoHOrWnCyMe5E3ItmVWjiqOjCceHofwTSmnXxcU8GTSFw=="],

    "@jsr/std__async": ["@jsr/std__async@1.1.1", "https://npm.jsr.io/~/11/@jsr/std__async/1.1.1.tgz", {}, "sha512-ePIRlU6G3G93HKQt68qXMhseXmNgUvr8pUqckWcAIYLK4rL3rQgk92a4DH/hOUQ2k/gSdmDT7bT4+E8JEeVOvA=="],

    "@jsr/std__bytes": ["@jsr/std__bytes@1.0.6", "https://npm.jsr.io/~/11/@jsr/std__bytes/1.0.6.tgz", {}, "sha512-St6yKggjFGhxS52IFLJWvkchRFbAKg2Xh8UxA4S1EGz7GJ2Ui+ssDDldj/w2c8vCxvl6qgR0HaYbKeFJNqujmA=="],

    "@jsr/std__cli": ["@jsr/std__cli@1.0.27", "https://npm.jsr.io/~/11/@jsr/std__cli/1.0.27.tgz", { "dependencies": { "@jsr/std__fmt": "^1.0.9", "@jsr/std__internal": "^1.0.12" } }, "sha512-aaY6VYkdv0qmAIiaYNfBH9Pd3Te5bJsEUQmNg/ak43AorET5+pBcI9RgqCgBXfkb2tBnLUlTBklQvirMz/CnAQ=="],

    "@jsr/std__data-structures": ["@jsr/std__data-structures@1.0.10", "https://npm.jsr.io/~/11/@jsr/std__data-structures/1.0.10.tgz", { "dependencies": { "@jsr/std__assert": "^1.0.17" } }, "sha512-NUlT54X5Ob7AUvl0nVdeOcXPdrKbg1TnaZnh72rhNIvaWprTT1jriFL+UilSAFtImo2OMEVajuudBFWoGre1pg=="],

    "@jsr/std__encoding": ["@jsr/std__encoding@1.0.10", "https://npm.jsr.io/~/11/@jsr/std__encoding/1.0.10.tgz", {}, "sha512-WK2njnDTyKefroRNk2Ooq7GStp6Y0ccAvr4To+Z/zecRAGe7+OSvH9DbiaHpAKwEi2KQbmpWMOYsdNt+TsdmSw=="],

    "@jsr/std__fmt": ["@jsr/std__fmt@1.0.9", "https://npm.jsr.io/~/11/@jsr/std__fmt/1.0.9.tgz", {}, "sha512-YFJJMozmORj2K91c5J9opWeh0VUwrd+Mwb7Pr0FkVCAKVLu2UhT4LyvJqWiyUT+eF+MdfqQ9F7RtQj4bXn9Smw=="],

    "@jsr/std__fs": ["@jsr/std__fs@1.0.22", "https://npm.jsr.io/~/11/@jsr/std__fs/1.0.22.tgz", { "dependencies": { "@jsr/std__internal": "^1.0.12", "@jsr/std__path": "^1.1.4" } }, "sha512-PvDtgT25IqhFEX2LjQI0aTz/Wg61jCtJ8l19fE9MUSvSmtw57Kzr6sM7GcCsSrsZEdQ7wjLfXvvhy8irta4Zww=="],

    "@jsr/std__html": ["@jsr/std__html@1.0.5", "https://npm.jsr.io/~/11/@jsr/std__html/1.0.5.tgz", {}, "sha512-8ypLaw6ORY7jisEvsXOS/D631/pMCX78mV7fyromfzJXxqb35OUNCBC2E4Ca0goKQJW8I2XhEgoFu0ZXaIiGvA=="],

    "@jsr/std__http": ["@jsr/std__http@1.0.24", "https://npm.jsr.io/~/11/@jsr/std__http/1.0.24.tgz", { "dependencies": { "@jsr/std__cli": "^1.0.27", "@jsr/std__encoding": "^1.0.10", "@jsr/std__fmt": "^1.0.9", "@jsr/std__fs": "^1.0.22", "@jsr/std__html": "^1.0.5", "@jsr/std__media-types": "^1.1.0", "@jsr/std__net": "^1.0.6", "@jsr/std__path": "^1.1.4", "@jsr/std__streams": "^1.0.17" } }, "sha512-mfUI8vAkMVvf0wYxkZd9ZKfwFryLanHe+nbvxfFPkNO24B2IY6knkBJNN28cTZ8SITh8t8rv56Cx5uOAc0uGFg=="],

    "@jsr/std__internal": ["@jsr/std__internal@1.0.12", "https://npm.jsr.io/~/11/@jsr/std__internal/1.0.12.tgz", {}, "sha512-6xReMW9p+paJgqoFRpOE2nogJFvzPfaLHLIlyADYjKMUcwDyjKZxryIbgcU+gxiTygn8yCjld1HoI0ET4/iZeA=="],

    "@jsr/std__json": ["@jsr/std__json@1.0.2", "https://npm.jsr.io/~/11/@jsr/std__json/1.0.2.tgz", { "dependencies": { "@jsr/std__streams": "^1.0.9" } }, "sha512-6d7R77+6NBf/OwA/8pT6uI3UkME+nkdertGjB7ni4J+2izuDu8AjbUH9aRvj8XqU3LQsqqsIRD4a3DvprMQDWA=="],

    "@jsr/std__media-types": ["@jsr/std__media-types@1.1.0", "https://npm.jsr.io/~/11/@jsr/std__media-types/1.1.0.tgz", {}, "sha512-dHvaxHL7ENWnltgL653uo3KnKFse3ZbopZop2gqsT7yrscx7irZEClu5Cba7gMPPRk4Lg1FbriNcaBViM2RSBw=="],

    "@jsr/std__net": ["@jsr/std__net@1.0.6", "https://npm.jsr.io/~/11/@jsr/std__net/1.0.6.tgz", {}, "sha512-mh27Fw4UMCjGSIMoOhjia5cS5fNP9M9DZYhGB7EYSZNnzf/eguFiarii/W4oDwYMmnxCMouUzhc6Y7jFuwTzcg=="],

    "@jsr/std__path": ["@jsr/std__path@1.1.4", "https://npm.jsr.io/~/11/@jsr/std__path/1.1.4.tgz", { "dependencies": { "@jsr/std__internal": "^1.0.12" } }, "sha512-SK4u9H6NVTfolhPdlvdYXfNFefy1W04AEHWJydryYbk+xqzNiVmr5o7TLJLJFqwHXuwMRhwrn+mcYeUfS0YFaA=="],

    "@jsr/std__streams": ["@jsr/std__streams@1.0.17", "https://npm.jsr.io/~/11/@jsr/std__streams/1.0.17.tgz", { "dependencies": { "@jsr/std__bytes": "^1.0.6" } }, "sha512-LnPlWk20mDIV5/nqoUomAB8umOimfGEyWRApxLgekXFuqKGDsGpUAi58amieVU2XAGNclmUOtQOcQ/qOl3PNFg=="],

    "@jsr/std__testing": ["@jsr/std__testing@1.0.17", "https://npm.jsr.io/~/11/@jsr/std__testing/1.0.17.tgz", { "dependencies": { "@jsr/std__assert": "^1.0.17", "@jsr/std__async": "^1.1.0", "@jsr/std__data-structures": "^1.0.10", "@jsr/std__fs": "^1.0.22", "@jsr/std__internal": "^1.0.12", "@jsr/std__path": "^1.1.4" } }, "sha512-szX1c5vuBvEo4LKLhaPCPZ4X7LO4nqGYwEhKnWwuPbqG0wnCRUY0IVZ4X191EZNgu+4qciYeQap1O4QCooulow=="],

    "@jsr/takker__md5": ["@jsr/takker__md5@0.1.0", "https://npm.jsr.io/~/11/@jsr/takker__md5/0.1.0.tgz", {}, "sha512-PPE9oWxXq17shmtlml2Tl48Cq5ENM9AWk2i1caWCgqp2/Nn00ew8KZU0v/a563ulrapjm2XHLHgo/Ebm4BsX3Q=="],

    "@msgpackr-extract/msgpackr-extract-darwin-arm64": ["@msgpackr-extract/msgpackr-extract-darwin-arm64@3.0.3", "", { "os": "darwin", "cpu": "arm64" }, "sha512-QZHtlVgbAdy2zAqNA9Gu1UpIuI8Xvsd1v8ic6B2pZmeFnFcMWiPLfWXh7TVw4eGEZ/C9TH281KwhVoeQUKbyjw=="],

    "@msgpackr-extract/msgpackr-extract-darwin-x64": ["@msgpackr-extract/msgpackr-extract-darwin-x64@3.0.3", "", { "os": "darwin", "cpu": "x64" }, "sha512-mdzd3AVzYKuUmiWOQ8GNhl64/IoFGol569zNRdkLReh6LRLHOXxU4U8eq0JwaD8iFHdVGqSy4IjFL4reoWCDFw=="],

    "@msgpackr-extract/msgpackr-extract-linux-arm": ["@msgpackr-extract/msgpackr-extract-linux-arm@3.0.3", "", { "os": "linux", "cpu": "arm" }, "sha512-fg0uy/dG/nZEXfYilKoRe7yALaNmHoYeIoJuJ7KJ+YyU2bvY8vPv27f7UKhGRpY6euFYqEVhxCFZgAUNQBM3nw=="],

    "@msgpackr-extract/msgpackr-extract-linux-arm64": ["@msgpackr-extract/msgpackr-extract-linux-arm64@3.0.3", "", { "os": "linux", "cpu": "arm64" }, "sha512-YxQL+ax0XqBJDZiKimS2XQaf+2wDGVa1enVRGzEvLLVFeqa5kx2bWbtcSXgsxjQB7nRqqIGFIcLteF/sHeVtQg=="],

    "@msgpackr-extract/msgpackr-extract-linux-x64": ["@msgpackr-extract/msgpackr-extract-linux-x64@3.0.3", "", { "os": "linux", "cpu": "x64" }, "sha512-cvwNfbP07pKUfq1uH+S6KJ7dT9K8WOE4ZiAcsrSes+UY55E/0jLYc+vq+DO7jlmqRb5zAggExKm0H7O/CBaesg=="],

    "@msgpackr-extract/msgpackr-extract-win32-x64": ["@msgpackr-extract/msgpackr-extract-win32-x64@3.0.3", "", { "os": "win32", "cpu": "x64" }, "sha512-x0fWaQtYp4E6sktbsdAqnehxDgEc/VwM7uLsRCYWaiGu0ykYdZPiS8zCWdnjHwyiumousxfBm4SO31eXqwEZhQ=="],

    "@parcel/watcher": ["@parcel/watcher@2.5.6", "", { "dependencies": { "detect-libc": "^2.0.3", "is-glob": "^4.0.3", "node-addon-api": "^7.0.0", "picomatch": "^4.0.3" }, "optionalDependencies": { "@parcel/watcher-android-arm64": "2.5.6", "@parcel/watcher-darwin-arm64": "2.5.6", "@parcel/watcher-darwin-x64": "2.5.6", "@parcel/watcher-freebsd-x64": "2.5.6", "@parcel/watcher-linux-arm-glibc": "2.5.6", "@parcel/watcher-linux-arm-musl": "2.5.6", "@parcel/watcher-linux-arm64-glibc": "2.5.6", "@parcel/watcher-linux-arm64-musl": "2.5.6", "@parcel/watcher-linux-x64-glibc": "2.5.6", "@parcel/watcher-linux-x64-musl": "2.5.6", "@parcel/watcher-win32-arm64": "2.5.6", "@parcel/watcher-win32-ia32": "2.5.6", "@parcel/watcher-win32-x64": "2.5.6" } }, "sha512-tmmZ3lQxAe/k/+rNnXQRawJ4NjxO2hqiOLTHvWchtGZULp4RyFeh6aU4XdOYBFe2KE1oShQTv4AblOs2iOrNnQ=="],

    "@parcel/watcher-android-arm64": ["@parcel/watcher-android-arm64@2.5.6", "", { "os": "android", "cpu": "arm64" }, "sha512-YQxSS34tPF/6ZG7r/Ih9xy+kP/WwediEUsqmtf0cuCV5TPPKw/PQHRhueUo6JdeFJaqV3pyjm0GdYjZotbRt/A=="],

    "@parcel/watcher-darwin-arm64": ["@parcel/watcher-darwin-arm64@2.5.6", "", { "os": "darwin", "cpu": "arm64" }, "sha512-Z2ZdrnwyXvvvdtRHLmM4knydIdU9adO3D4n/0cVipF3rRiwP+3/sfzpAwA/qKFL6i1ModaabkU7IbpeMBgiVEA=="],

    "@parcel/watcher-darwin-x64": ["@parcel/watcher-darwin-x64@2.5.6", "", { "os": "darwin", "cpu": "x64" }, "sha512-HgvOf3W9dhithcwOWX9uDZyn1lW9R+7tPZ4sug+NGrGIo4Rk1hAXLEbcH1TQSqxts0NYXXlOWqVpvS1SFS4fRg=="],

    "@parcel/watcher-freebsd-x64": ["@parcel/watcher-freebsd-x64@2.5.6", "", { "os": "freebsd", "cpu": "x64" }, "sha512-vJVi8yd/qzJxEKHkeemh7w3YAn6RJCtYlE4HPMoVnCpIXEzSrxErBW5SJBgKLbXU3WdIpkjBTeUNtyBVn8TRng=="],

    "@parcel/watcher-linux-arm-glibc": ["@parcel/watcher-linux-arm-glibc@2.5.6", "", { "os": "linux", "cpu": "arm" }, "sha512-9JiYfB6h6BgV50CCfasfLf/uvOcJskMSwcdH1PHH9rvS1IrNy8zad6IUVPVUfmXr+u+Km9IxcfMLzgdOudz9EQ=="],

    "@parcel/watcher-linux-arm-musl": ["@parcel/watcher-linux-arm-musl@2.5.6", "", { "os": "linux", "cpu": "arm" }, "sha512-Ve3gUCG57nuUUSyjBq/MAM0CzArtuIOxsBdQ+ftz6ho8n7s1i9E1Nmk/xmP323r2YL0SONs1EuwqBp2u1k5fxg=="],

    "@parcel/watcher-linux-arm64-glibc": ["@parcel/watcher-linux-arm64-glibc@2.5.6", "", { "os": "linux", "cpu": "arm64" }, "sha512-f2g/DT3NhGPdBmMWYoxixqYr3v/UXcmLOYy16Bx0TM20Tchduwr4EaCbmxh1321TABqPGDpS8D/ggOTaljijOA=="],

    "@parcel/watcher-linux-arm64-musl": ["@parcel/watcher-linux-arm64-musl@2.5.6", "", { "os": "linux", "cpu": "arm64" }, "sha512-qb6naMDGlbCwdhLj6hgoVKJl2odL34z2sqkC7Z6kzir8b5W65WYDpLB6R06KabvZdgoHI/zxke4b3zR0wAbDTA=="],

    "@parcel/watcher-linux-x64-glibc": ["@parcel/watcher-linux-x64-glibc@2.5.6", "", { "os": "linux", "cpu": "x64" }, "sha512-kbT5wvNQlx7NaGjzPFu8nVIW1rWqV780O7ZtkjuWaPUgpv2NMFpjYERVi0UYj1msZNyCzGlaCWEtzc+exjMGbQ=="],

    "@parcel/watcher-linux-x64-musl": ["@parcel/watcher-linux-x64-musl@2.5.6", "", { "os": "linux", "cpu": "x64" }, "sha512-1JRFeC+h7RdXwldHzTsmdtYR/Ku8SylLgTU/reMuqdVD7CtLwf0VR1FqeprZ0eHQkO0vqsbvFLXUmYm/uNKJBg=="],

    "@parcel/watcher-win32-arm64": ["@parcel/watcher-win32-arm64@2.5.6", "", { "os": "win32", "cpu": "arm64" }, "sha512-3ukyebjc6eGlw9yRt678DxVF7rjXatWiHvTXqphZLvo7aC5NdEgFufVwjFfY51ijYEWpXbqF5jtrK275z52D4Q=="],

    "@parcel/watcher-win32-ia32": ["@parcel/watcher-win32-ia32@2.5.6", "", { "os": "win32", "cpu": "ia32" }, "sha512-k35yLp1ZMwwee3Ez/pxBi5cf4AoBKYXj00CZ80jUz5h8prpiaQsiRPKQMxoLstNuqe2vR4RNPEAEcjEFzhEz/g=="],

    "@parcel/watcher-win32-x64": ["@parcel/watcher-win32-x64@2.5.6", "", { "os": "win32", "cpu": "x64" }, "sha512-hbQlYcCq5dlAX9Qx+kFb0FHue6vbjlf0FrNzSKdYK2APUf7tGfGxQCk2ihEREmbR6ZMc0MVAD5RIX/41gpUzTw=="],

    "@socket.io/component-emitter": ["@socket.io/component-emitter@3.1.2", "", {}, "sha512-9BCxFwvbGg/RsZK9tjXd8s4UcwR0MWeFQ1XEKIQVVvAGJyINdrqKMcTRyLoK8Rse1GjzLV9cwjWV1olXRWEXVA=="],

    "@standard-schema/spec": ["@standard-schema/spec@1.1.0", "", {}, "sha512-l2aFy5jALhniG5HgqrD6jXLi/rUWrKvqN/qJx6yoJsgKhblVd+iqqU4RCXavm/jPityDo5TCvKMnpjKnOriy0w=="],

    "@types/bun": ["@types/bun@1.3.8", "", { "dependencies": { "bun-types": "1.3.8" } }, "sha512-3LvWJ2q5GerAXYxO2mffLTqOzEu5qnhEAlh48Vnu8WQfnmSwbgagjGZV6BoHKJztENYEDn6QmVd949W4uESRJA=="],

    "@types/node": ["@types/node@25.2.0", "", { "dependencies": { "undici-types": "~7.16.0" } }, "sha512-DZ8VwRFUNzuqJ5khrvwMXHmvPe+zGayJhr2CDNiKB1WBE1ST8Djl00D0IC4vvNmHMdj6DlbYRIaFE7WHjlDl5w=="],

    "bun-types": ["bun-types@1.3.8", "", { "dependencies": { "@types/node": "*" } }, "sha512-fL99nxdOWvV4LqjmC+8Q9kW3M4QTtTR1eePs94v5ctGqU8OeceWrSUaRw3JYb7tU3FkMIAjkueehrHPPPGKi5Q=="],

    "debug": ["debug@4.4.3", "", { "dependencies": { "ms": "^2.1.3" } }, "sha512-RGwwWnwQvkVfavKVt22FGLw+xYSdzARwm0ru6DhTVA3umU5hZc28V3kO4stgYryrTlLpuvgI9GiijltAjNbcqA=="],

    "detect-libc": ["detect-libc@2.1.2", "", {}, "sha512-Btj2BOOO83o3WyH59e8MgXsxEQVcarkUOpEYrubB0urwnN10yQ364rsiByU11nZlqWYZm05i/of7io4mzihBtQ=="],

    "effect": ["effect@3.19.15", "", { "dependencies": { "@standard-schema/spec": "^1.0.0", "fast-check": "^3.23.1" } }, "sha512-vzMmgfZKLcojmUjBdlQx+uaKryO7yULlRxjpDnHdnvcp1NPHxJyoM6IOXBLlzz2I/uPtZpGKavt5hBv7IvGZkA=="],

    "engine.io-client": ["engine.io-client@6.6.4", "", { "dependencies": { "@socket.io/component-emitter": "~3.1.0", "debug": "~4.4.1", "engine.io-parser": "~5.2.1", "ws": "~8.18.3", "xmlhttprequest-ssl": "~2.1.1" } }, "sha512-+kjUJnZGwzewFDw951CDWcwj35vMNf2fcj7xQWOctq1F2i1jkDdVvdFG9kM/BEChymCH36KgjnW0NsL58JYRxw=="],

    "engine.io-parser": ["engine.io-parser@5.2.3", "", {}, "sha512-HqD3yTBfnBxIrbnM1DoD6Pcq8NECnh8d4As1Qgh0z5Gg3jRRIqijury0CL3ghu/edArpUYiYqQiDUQBIs4np3Q=="],

    "fast-check": ["fast-check@3.23.2", "", { "dependencies": { "pure-rand": "^6.1.0" } }, "sha512-h5+1OzzfCC3Ef7VbtKdcv7zsstUQwUDlYpUTvjeUsJAssPgLn7QzbboPtL5ro04Mq0rPOsMzl7q5hIbRs2wD1A=="],

    "find-my-way-ts": ["find-my-way-ts@0.1.6", "", {}, "sha512-a85L9ZoXtNAey3Y6Z+eBWW658kO/MwR7zIafkIUPUMf3isZG0NCs2pjW2wtjxAKuJPxMAsHUIP4ZPGv0o5gyTA=="],

    "is-extglob": ["is-extglob@2.1.1", "", {}, "sha512-SbKbANkN603Vi4jEZv49LeVJMn4yGwsbzZworEoyEiutsN3nJYdbO36zfhGJ6QEDpOZIFkDtnq5JRxmvl3jsoQ=="],

    "is-glob": ["is-glob@4.0.3", "", { "dependencies": { "is-extglob": "^2.1.1" } }, "sha512-xelSayHH36ZgE7ZWhli7pW34hNbNl8Ojv5KVmkJD4hBdD3th8Tfk9vYasLM+mXWOZhFkgZfxhLSnrwRr4elSSg=="],

    "kubernetes-types": ["kubernetes-types@1.30.0", "", {}, "sha512-Dew1okvhM/SQcIa2rcgujNndZwU8VnSapDgdxlYoB84ZlpAD43U6KLAFqYo17ykSFGHNPrg0qry0bP+GJd9v7Q=="],

    "ms": ["ms@2.1.3", "", {}, "sha512-6FlzubTLZG3J2a/NVCAleEhjzq5oxgHyaCU9yYXvcLsvoVaHJq/s5xXI6/XXP6tz7R9xAOtHnSO/tXtF3WRTlA=="],

    "msgpackr": ["msgpackr@1.11.8", "", { "optionalDependencies": { "msgpackr-extract": "^3.0.2" } }, "sha512-bC4UGzHhVvgDNS7kn9tV8fAucIYUBuGojcaLiz7v+P63Lmtm0Xeji8B/8tYKddALXxJLpwIeBmUN3u64C4YkRA=="],

    "msgpackr-extract": ["msgpackr-extract@3.0.3", "", { "dependencies": { "node-gyp-build-optional-packages": "5.2.2" }, "optionalDependencies": { "@msgpackr-extract/msgpackr-extract-darwin-arm64": "3.0.3", "@msgpackr-extract/msgpackr-extract-darwin-x64": "3.0.3", "@msgpackr-extract/msgpackr-extract-linux-arm": "3.0.3", "@msgpackr-extract/msgpackr-extract-linux-arm64": "3.0.3", "@msgpackr-extract/msgpackr-extract-linux-x64": "3.0.3", "@msgpackr-extract/msgpackr-extract-win32-x64": "3.0.3" }, "bin": { "download-msgpackr-prebuilds": "bin/download-prebuilds.js" } }, "sha512-P0efT1C9jIdVRefqjzOQ9Xml57zpOXnIuS+csaB4MdZbTdmGDLo8XhzBG1N7aO11gKDDkJvBLULeFTo46wwreA=="],

    "multipasta": ["multipasta@0.2.7", "", {}, "sha512-KPA58d68KgGil15oDqXjkUBEBYc00XvbPj5/X+dyzeo/lWm9Nc25pQRlf1D+gv4OpK7NM0J1odrbu9JNNGvynA=="],

    "node-addon-api": ["node-addon-api@7.1.1", "", {}, "sha512-5m3bsyrjFWE1xf7nz7YXdN4udnVtXK6/Yfgn5qnahL6bCkf2yKt4k3nuTKAtT4r3IG8JNR2ncsIMdZuAzJjHQQ=="],

    "node-gyp-build-optional-packages": ["node-gyp-build-optional-packages@5.2.2", "", { "dependencies": { "detect-libc": "^2.0.1" }, "bin": { "node-gyp-build-optional-packages": "bin.js", "node-gyp-build-optional-packages-optional": "optional.js", "node-gyp-build-optional-packages-test": "build-test.js" } }, "sha512-s+w+rBWnpTMwSFbaE0UXsRlg7hU4FjekKU4eyAih5T8nJuNZT1nNsskXpxmeqSK9UzkBl6UgRlnKc8hz8IEqOw=="],

    "option-t": ["option-t@53.0.0", "", {}, "sha512-qsyo1cFXfUN1MVnxTrpcy+V4tJYEBvEQmeiDkC6m5W/V2JiNfs4V/qXmDGZg4k9XRR1EWkv3jT8TXSZnhGPBLA=="],

    "picomatch": ["picomatch@4.0.3", "", {}, "sha512-5gTmgEY/sqK6gFXLIsQNH19lWb4ebPDLA4SdLP7dsWkIXHWlG66oPuVvXSGFPppYZz8ZDZq0dYYrbHfBCVUb1Q=="],

    "pure-rand": ["pure-rand@6.1.0", "", {}, "sha512-bVWawvoZoBYpp6yIoQtQXHZjmz35RSVHnUOTefl8Vcjr8snTPY1wnpSPMWekcFwbxI6gtmT7rSYPFvz71ldiOA=="],

    "socket.io-client": ["socket.io-client@4.8.3", "", { "dependencies": { "@socket.io/component-emitter": "~3.1.0", "debug": "~4.4.1", "engine.io-client": "~6.6.1", "socket.io-parser": "~4.2.4" } }, "sha512-uP0bpjWrjQmUt5DTHq9RuoCBdFJF10cdX9X+a368j/Ft0wmaVgxlrjvK3kjvgCODOMMOz9lcaRzxmso0bTWZ/g=="],

    "socket.io-parser": ["socket.io-parser@4.2.5", "", { "dependencies": { "@socket.io/component-emitter": "~3.1.0", "debug": "~4.4.1" } }, "sha512-bPMmpy/5WWKHea5Y/jYAP6k74A+hvmRCQaJuJB6I/ML5JZq/KfNieUVo/3Mh7SAqn7TyFdIo6wqYHInG1MU1bQ=="],

    "typescript": ["typescript@5.9.3", "", { "bin": { "tsc": "bin/tsc", "tsserver": "bin/tsserver" } }, "sha512-jl1vZzPDinLr9eUt3J/t7V6FgNEw9QjvBPdysz9KfQDD41fQrC2Y4vKQdiaUpFT4bXlb1RHhLpp8wtm6M5TgSw=="],

    "undici-types": ["undici-types@7.16.0", "", {}, "sha512-Zz+aZWSj8LE6zoxD+xrjh4VfkIG8Ya6LvYkZqtUQGJPZjYl53ypCaUwWqo7eI0x66KBGeRo+mlBEkMSeSZ38Nw=="],

    "uuid": ["uuid@11.1.0", "", { "bin": { "uuid": "dist/esm/bin/uuid" } }, "sha512-0/A9rDy9P7cJ+8w1c9WD9V//9Wj15Ce2MPz8Ri6032usz+NfePxx5AcN3bN+r6ZL6jEo066/yNYB3tn4pQEx+A=="],

    "ws": ["ws@8.18.3", "", { "peerDependencies": { "bufferutil": "^4.0.1", "utf-8-validate": ">=5.0.2" }, "optionalPeers": ["bufferutil", "utf-8-validate"] }, "sha512-PEIGCY5tSlUt50cqyMXfCzX+oOPqN0vuGqWzbcJ2xvnkzkq46oOpz7dQaTDBdfICb4N14+GARUDw2XV2N4tvzg=="],

    "xmlhttprequest-ssl": ["xmlhttprequest-ssl@2.1.2", "", {}, "sha512-TEU+nJVUUnA4CYJFLvK5X9AOeH4KvDvhIfm0vV1GaQRtchnG0hgK5p8hw/xjv8cunWYCsiPCSDzObPyhEwq3KQ=="],
  }
}
